
Microsoft Visual Studio Solution File, Format Version 12.00
# Visual Studio Version 16
VisualStudioVersion = 16.0.30804.86
MinimumVisualStudioVersion = 10.0.40219.1
Project("{FAE04EC0-301F-11D3-BF4B-00C04F79EFBC}") = "StudentManager", "StudentManager\StudentManager.csproj", "{F65F04CE-C68B-42C6-8C5F-13A23CB14554}"
EndProject
Global
	GlobalSection(SolutionConfigurationPlatforms) = preSolution
		Debug|Any CPU = Debug|Any CPU
		Release|Any CPU = Release|Any CPU
	EndGlobalSection
	GlobalSection(ProjectConfigurationPlatforms) = postSolution
		{F65F04CE-C68B-42C6-8C5F-13A23CB14554}.Debug|Any CPU.ActiveCfg = Debug|Any CPU
		{F65F04CE-C68B-42C6-8C5F-13A23CB14554}.Debug|Any CPU.Build.0 = Debug|Any CPU
		{F65F04CE-C68B-42C6-8C5F-13A23CB14554}.Release|Any CPU.ActiveCfg = Release|Any CPU
		{F65F04CE-C68B-42C6-8C5F-13A23CB14554}.Release|Any CPU.Build.0 = Release|Any CPU
	EndGlobalSection
	GlobalSection(SolutionProperties) = preSolution
		HideSolutionNode = FALSE
	EndGlobalSection
	GlobalSection(ExtensibilityGlobals) = postSolution
		SolutionGuid = {CC66814F-197B-4385-A5F2-482097279469}
	EndGlobalSection
EndGlobal
