
Microsoft Visual Studio Solution File, Format Version 12.00
# Visual Studio Version 16
VisualStudioVersion = 16.0.30804.86
MinimumVisualStudioVersion = 10.0.40219.1
Project("{FAE04EC0-301F-11D3-BF4B-00C04F79EFBC}") = "Loop Challenge", "Loop Challenge\Loop Challenge.csproj", "{B864DAC5-FB86-482F-8D34-4938CB50E08C}"
EndProject
Global
	GlobalSection(SolutionConfigurationPlatforms) = preSolution
		Debug|Any CPU = Debug|Any CPU
		Release|Any CPU = Release|Any CPU
	EndGlobalSection
	GlobalSection(ProjectConfigurationPlatforms) = postSolution
		{B864DAC5-FB86-482F-8D34-4938CB50E08C}.Debug|Any CPU.ActiveCfg = Debug|Any CPU
		{B864DAC5-FB86-482F-8D34-4938CB50E08C}.Debug|Any CPU.Build.0 = Debug|Any CPU
		{B864DAC5-FB86-482F-8D34-4938CB50E08C}.Release|Any CPU.ActiveCfg = Release|Any CPU
		{B864DAC5-FB86-482F-8D34-4938CB50E08C}.Release|Any CPU.Build.0 = Release|Any CPU
	EndGlobalSection
	GlobalSection(SolutionProperties) = preSolution
		HideSolutionNode = FALSE
	EndGlobalSection
	GlobalSection(ExtensibilityGlobals) = postSolution
		SolutionGuid = {7DB6AEE8-2066-4019-95C2-AA3833519964}
	EndGlobalSection
EndGlobal
